{
  "version": 4,
  "terraform_version": "1.7.5",
  "serial": 8,
  "lineage": "36ce98f7-f600-9c15-45be-c680ffe7deb8",
  "outputs": {
    "my_network_name": {
      "value": "edward-vpc",
      "type": "string"
    },
    "my_network_name_gateway": {
      "value": "",
      "type": "string"
    },
    "my_subnetwork_name": {
      "value": "edward-ae-subnet-2",
      "type": "string"
    }
  },
  "resources": [
    {
      "mode": "data",
      "type": "google_compute_network",
      "name": "data-network",
      "provider": "provider[\"registry.terraform.io/hashicorp/google\"]",
      "instances": [
        {
          "schema_version": 0,
          "attributes": {
            "description": "for edward testing",
            "gateway_ipv4": "",
            "id": "projects/gcpsa-sandbox/global/networks/edward-vpc",
            "internal_ipv6_range": "",
            "name": "edward-vpc",
            "project": null,
            "self_link": "https://www.googleapis.com/compute/v1/projects/gcpsa-sandbox/global/networks/edward-vpc",
            "subnetworks_self_links": [
              "https://www.googleapis.com/compute/v1/projects/gcpsa-sandbox/regions/asia-east1/subnetworks/edward-ae-subnet-2",
              "https://www.googleapis.com/compute/v1/projects/gcpsa-sandbox/regions/asia-east1/subnetworks/edward-vpc-asia-east1-subnet"
            ]
          },
          "sensitive_attributes": []
        }
      ]
    },
    {
      "mode": "data",
      "type": "google_compute_subnetwork",
      "name": "my-subnetwork",
      "provider": "provider[\"registry.terraform.io/hashicorp/google\"]",
      "instances": [
        {
          "schema_version": 0,
          "attributes": {
            "description": "",
            "gateway_address": "192.168.220.1",
            "id": "projects/gcpsa-sandbox/regions/asia-east1/subnetworks/edward-ae-subnet-2",
            "internal_ipv6_prefix": "",
            "ip_cidr_range": "192.168.220.0/24",
            "name": "edward-ae-subnet-2",
            "network": "https://www.googleapis.com/compute/v1/projects/gcpsa-sandbox/global/networks/edward-vpc",
            "private_ip_google_access": true,
            "project": "gcpsa-sandbox",
            "region": "asia-east1",
            "secondary_ip_range": [],
            "self_link": "https://www.googleapis.com/compute/v1/projects/gcpsa-sandbox/regions/asia-east1/subnetworks/edward-ae-subnet-2"
          },
          "sensitive_attributes": []
        }
      ]
    },
    {
      "mode": "managed",
      "type": "google_compute_instance",
      "name": "default",
      "provider": "provider[\"registry.terraform.io/hashicorp/google\"]",
      "instances": [
        {
          "schema_version": 6,
          "attributes": {
            "advanced_machine_features": [],
            "allow_stopping_for_update": null,
            "attached_disk": [],
            "boot_disk": [
              {
                "auto_delete": true,
                "device_name": "persistent-disk-0",
                "disk_encryption_key_raw": "",
                "disk_encryption_key_sha256": "",
                "initialize_params": [
                  {
                    "enable_confidential_compute": false,
                    "image": "https://www.googleapis.com/compute/v1/projects/debian-cloud/global/images/debian-11-bullseye-v20240312",
                    "labels": {
                      "my_label": "value"
                    },
                    "provisioned_iops": 0,
                    "provisioned_throughput": 0,
                    "resource_manager_tags": null,
                    "size": 10,
                    "type": "pd-standard"
                  }
                ],
                "kms_key_self_link": "",
                "mode": "READ_WRITE",
                "source": "https://www.googleapis.com/compute/v1/projects/gcpsa-sandbox/zones/asia-east1-a/disks/edward-instance-data-source-2"
              }
            ],
            "can_ip_forward": false,
            "confidential_instance_config": [],
            "cpu_platform": "Intel Cascade Lake",
            "current_status": "RUNNING",
            "deletion_protection": false,
            "description": "",
            "desired_status": null,
            "effective_labels": {},
            "enable_display": false,
            "guest_accelerator": [],
            "hostname": "",
            "id": "projects/gcpsa-sandbox/zones/asia-east1-a/instances/edward-instance-data-source-2",
            "instance_id": "4738691558838105947",
            "label_fingerprint": "42WmSpB8rSM=",
            "labels": null,
            "machine_type": "n2-standard-2",
            "metadata": {
              "foo": "bar"
            },
            "metadata_fingerprint": "E-DUsHftSGI=",
            "metadata_startup_script": "echo hi \u003e /test.txt",
            "min_cpu_platform": "",
            "name": "edward-instance-data-source-2",
            "network_interface": [
              {
                "access_config": [
                  {
                    "nat_ip": "35.194.220.0",
                    "network_tier": "PREMIUM",
                    "public_ptr_domain_name": ""
                  }
                ],
                "alias_ip_range": [],
                "internal_ipv6_prefix_length": 0,
                "ipv6_access_config": [],
                "ipv6_access_type": "",
                "ipv6_address": "",
                "name": "nic0",
                "network": "https://www.googleapis.com/compute/v1/projects/gcpsa-sandbox/global/networks/edward-vpc",
                "network_ip": "192.168.220.9",
                "nic_type": "",
                "queue_count": 0,
                "stack_type": "IPV4_ONLY",
                "subnetwork": "https://www.googleapis.com/compute/v1/projects/gcpsa-sandbox/regions/asia-east1/subnetworks/edward-ae-subnet-2",
                "subnetwork_project": "gcpsa-sandbox"
              }
            ],
            "network_performance_config": [],
            "params": [],
            "project": "gcpsa-sandbox",
            "reservation_affinity": [],
            "resource_policies": null,
            "scheduling": [
              {
                "automatic_restart": true,
                "instance_termination_action": "",
                "local_ssd_recovery_timeout": [],
                "min_node_cpus": 0,
                "node_affinities": [],
                "on_host_maintenance": "MIGRATE",
                "preemptible": false,
                "provisioning_model": "STANDARD"
              }
            ],
            "scratch_disk": [],
            "self_link": "https://www.googleapis.com/compute/v1/projects/gcpsa-sandbox/zones/asia-east1-a/instances/edward-instance-data-source-2",
            "service_account": [],
            "shielded_instance_config": [
              {
                "enable_integrity_monitoring": true,
                "enable_secure_boot": false,
                "enable_vtpm": true
              }
            ],
            "tags": [
              "bar",
              "foo"
            ],
            "tags_fingerprint": "1gqCRgrww4E=",
            "terraform_labels": {},
            "timeouts": null,
            "zone": "asia-east1-a"
          },
          "sensitive_attributes": [],
          "private": "eyJlMmJmYjczMC1lY2FhLTExZTYtOGY4OC0zNDM2M2JjN2M0YzAiOnsiY3JlYXRlIjoxMjAwMDAwMDAwMDAwLCJkZWxldGUiOjEyMDAwMDAwMDAwMDAsInVwZGF0ZSI6MTIwMDAwMDAwMDAwMH0sInNjaGVtYV92ZXJzaW9uIjoiNiJ9",
          "dependencies": [
            "data.google_compute_network.data-network",
            "data.google_compute_subnetwork.my-subnetwork"
          ]
        }
      ]
    }
  ],
  "check_results": null
}
